// !$*UTF8*$!
{
	archiveVersion = 1;
	classes = {
	};
	objectVersion = 56;
	objects = {

/* Begin PBXBuildFile section */
		CE5E64762C6DE213009830AD /* AppDelegate.swift in Sources */ = {isa = PBXBuildFile; fileRef = CE5E64752C6DE213009830AD /* AppDelegate.swift */; };
		CE5E64782C6DE213009830AD /* SceneDelegate.swift in Sources */ = {isa = PBXBuildFile; fileRef = CE5E64772C6DE213009830AD /* SceneDelegate.swift */; };
		CE5E647F2C6DE215009830AD /* Assets.xcassets in Resources */ = {isa = PBXBuildFile; fileRef = CE5E647E2C6DE215009830AD /* Assets.xcassets */; };
		CE5E64822C6DE215009830AD /* Base in Resources */ = {isa = PBXBuildFile; fileRef = CE5E64812C6DE215009830AD /* Base */; };
		CE5E64952C6DEF54009830AD /* BaseView.swift in Sources */ = {isa = PBXBuildFile; fileRef = CE5E64942C6DEF54009830AD /* BaseView.swift */; };
		CE5E64982C6DEFFC009830AD /* RxCocoa in Frameworks */ = {isa = PBXBuildFile; productRef = CE5E64972C6DEFFC009830AD /* RxCocoa */; };
		CE5E649A2C6DEFFC009830AD /* RxSwift in Frameworks */ = {isa = PBXBuildFile; productRef = CE5E64992C6DEFFC009830AD /* RxSwift */; };
		CE5E649C2C6DF017009830AD /* RxViewModel.swift in Sources */ = {isa = PBXBuildFile; fileRef = CE5E649B2C6DF017009830AD /* RxViewModel.swift */; };
		CE5E649E2C6DF131009830AD /* BaseViewController.swift in Sources */ = {isa = PBXBuildFile; fileRef = CE5E649D2C6DF131009830AD /* BaseViewController.swift */; };
		CE5E64A12C6DF1B3009830AD /* UIButton+.swift in Sources */ = {isa = PBXBuildFile; fileRef = CE5E64A02C6DF1B3009830AD /* UIButton+.swift */; };
		CE5E64A32C6DF1DD009830AD /* UIButton.Configuration+.swift in Sources */ = {isa = PBXBuildFile; fileRef = CE5E64A22C6DF1DD009830AD /* UIButton.Configuration+.swift */; };
		CE5E64A62C6EFE21009830AD /* URLRouter.swift in Sources */ = {isa = PBXBuildFile; fileRef = CE5E64A52C6EFE21009830AD /* URLRouter.swift */; };
		CE5E64A92C70BA26009830AD /* NetworkManager.swift in Sources */ = {isa = PBXBuildFile; fileRef = CE5E64A82C70BA26009830AD /* NetworkManager.swift */; };
		CE5E64AB2C70C2FD009830AD /* AuthRepository.swift in Sources */ = {isa = PBXBuildFile; fileRef = CE5E64AA2C70C2FD009830AD /* AuthRepository.swift */; };
		CE5E64AE2C70C391009830AD /* SignupView.swift in Sources */ = {isa = PBXBuildFile; fileRef = CE5E64AD2C70C391009830AD /* SignupView.swift */; };
		CE5E64B02C70C3A4009830AD /* SignupViewModel.swift in Sources */ = {isa = PBXBuildFile; fileRef = CE5E64AF2C70C3A4009830AD /* SignupViewModel.swift */; };
		CE5E64B22C70C3EF009830AD /* SignupViewController.swift in Sources */ = {isa = PBXBuildFile; fileRef = CE5E64B12C70C3EF009830AD /* SignupViewController.swift */; };
		CE5E64B52C70CC86009830AD /* SnapKit in Frameworks */ = {isa = PBXBuildFile; productRef = CE5E64B42C70CC86009830AD /* SnapKit */; };
		CE5E64B72C70CD81009830AD /* UIStackView+.swift in Sources */ = {isa = PBXBuildFile; fileRef = CE5E64B62C70CD81009830AD /* UIStackView+.swift */; };
		CE5E64BA2C70D4A0009830AD /* SignupForm.swift in Sources */ = {isa = PBXBuildFile; fileRef = CE5E64B92C70D4A0009830AD /* SignupForm.swift */; };
		CE5E64BD2C71FB96009830AD /* LoginView.swift in Sources */ = {isa = PBXBuildFile; fileRef = CE5E64BC2C71FB96009830AD /* LoginView.swift */; };
		CE5E64BF2C71FBA6009830AD /* LoginViewModel.swift in Sources */ = {isa = PBXBuildFile; fileRef = CE5E64BE2C71FBA6009830AD /* LoginViewModel.swift */; };
		CE5E64C12C71FCCE009830AD /* LoginViewController.swift in Sources */ = {isa = PBXBuildFile; fileRef = CE5E64C02C71FCCE009830AD /* LoginViewController.swift */; };
		CE5E64CB2C736796009830AD /* UserDefaults+.swift in Sources */ = {isa = PBXBuildFile; fileRef = CE5E64CA2C736796009830AD /* UserDefaults+.swift */; };
		CE5E64CD2C736A11009830AD /* Encodable+.swift in Sources */ = {isa = PBXBuildFile; fileRef = CE5E64CC2C736A11009830AD /* Encodable+.swift */; };
		CE5E64CF2C736A19009830AD /* Decodable+.swift in Sources */ = {isa = PBXBuildFile; fileRef = CE5E64CE2C736A19009830AD /* Decodable+.swift */; };
		CE5E64D32C7387D6009830AD /* TrendingView.swift in Sources */ = {isa = PBXBuildFile; fileRef = CE5E64D22C7387D6009830AD /* TrendingView.swift */; };
		CE5E64D52C7387E8009830AD /* TrendingViewModel.swift in Sources */ = {isa = PBXBuildFile; fileRef = CE5E64D42C7387E7009830AD /* TrendingViewModel.swift */; };
		CE5E64D72C73881F009830AD /* TrendingViewController.swift in Sources */ = {isa = PBXBuildFile; fileRef = CE5E64D62C73881F009830AD /* TrendingViewController.swift */; };
		CE5E64DA2C73B3D0009830AD /* Alamofire in Frameworks */ = {isa = PBXBuildFile; productRef = CE5E64D92C73B3D0009830AD /* Alamofire */; };
		CE5E64DD2C74EDD7009830AD /* PostView.swift in Sources */ = {isa = PBXBuildFile; fileRef = CE5E64DC2C74EDD7009830AD /* PostView.swift */; };
		CE5E64DF2C74EDE8009830AD /* PostViewModel.swift in Sources */ = {isa = PBXBuildFile; fileRef = CE5E64DE2C74EDE8009830AD /* PostViewModel.swift */; };
		CE5E64E12C74EE17009830AD /* PostViewController.swift in Sources */ = {isa = PBXBuildFile; fileRef = CE5E64E02C74EE17009830AD /* PostViewController.swift */; };
		CE5E64E32C74FDAA009830AD /* PostRepository.swift in Sources */ = {isa = PBXBuildFile; fileRef = CE5E64E22C74FDAA009830AD /* PostRepository.swift */; };
		CE80D0092C7C88D900A45249 /* DateFormatter.swift in Sources */ = {isa = PBXBuildFile; fileRef = CE80D0082C7C88D900A45249 /* DateFormatter.swift */; };
		CE80D00C2C7CE32C00A45249 /* DetailPostView.swift in Sources */ = {isa = PBXBuildFile; fileRef = CE80D00B2C7CE32C00A45249 /* DetailPostView.swift */; };
		CE80D00E2C7CE33A00A45249 /* DetailPostViewModel.swift in Sources */ = {isa = PBXBuildFile; fileRef = CE80D00D2C7CE33A00A45249 /* DetailPostViewModel.swift */; };
		CE80D0102C7CE35400A45249 /* DetailPostViewController.swift in Sources */ = {isa = PBXBuildFile; fileRef = CE80D00F2C7CE35400A45249 /* DetailPostViewController.swift */; };
		CE80D02B2C7F321000A45249 /* Kingfisher in Frameworks */ = {isa = PBXBuildFile; productRef = CE80D02A2C7F321000A45249 /* Kingfisher */; };
		CE80D02D2C7F331200A45249 /* ScreenSize.swift in Sources */ = {isa = PBXBuildFile; fileRef = CE80D02C2C7F331200A45249 /* ScreenSize.swift */; };
		CE80D0382C805CDD00A45249 /* ImageRepository.swift in Sources */ = {isa = PBXBuildFile; fileRef = CE80D0372C805CDD00A45249 /* ImageRepository.swift */; };
		CE91E4A72C81C415000656E0 /* LaunchView.swift in Sources */ = {isa = PBXBuildFile; fileRef = CE91E4A62C81C415000656E0 /* LaunchView.swift */; };
		CE91E4A92C81C42A000656E0 /* LaunchViewModel.swift in Sources */ = {isa = PBXBuildFile; fileRef = CE91E4A82C81C42A000656E0 /* LaunchViewModel.swift */; };
		CE91E4AB2C81C4A5000656E0 /* LaunchViewController.swift in Sources */ = {isa = PBXBuildFile; fileRef = CE91E4AA2C81C4A5000656E0 /* LaunchViewController.swift */; };
		CE91E4AD2C81D14C000656E0 /* UIViewController+.swift in Sources */ = {isa = PBXBuildFile; fileRef = CE91E4AC2C81D14C000656E0 /* UIViewController+.swift */; };
		CE91E4B02C820AA6000656E0 /* TabBarController.swift in Sources */ = {isa = PBXBuildFile; fileRef = CE91E4AF2C820AA6000656E0 /* TabBarController.swift */; };
		CE91E4B32C8226E3000656E0 /* Lottie in Frameworks */ = {isa = PBXBuildFile; productRef = CE91E4B22C8226E3000656E0 /* Lottie */; };
		CE91E4B62C822889000656E0 /* gasoline_launch.json in Resources */ = {isa = PBXBuildFile; fileRef = CE91E4B52C822889000656E0 /* gasoline_launch.json */; };
		CEE75B492C76C34900FC61E6 /* AuthInterceptor.swift in Sources */ = {isa = PBXBuildFile; fileRef = CEE75B482C76C34900FC61E6 /* AuthInterceptor.swift */; };
		CEE75B4B2C76C38200FC61E6 /* PostInterceptor.swift in Sources */ = {isa = PBXBuildFile; fileRef = CEE75B4A2C76C38200FC61E6 /* PostInterceptor.swift */; };
		CEE75B6D2C7B3F4100FC61E6 /* CommunityView.swift in Sources */ = {isa = PBXBuildFile; fileRef = CEE75B6C2C7B3F4100FC61E6 /* CommunityView.swift */; };
		CEE75B6F2C7B3F5200FC61E6 /* CommunityViewModel.swift in Sources */ = {isa = PBXBuildFile; fileRef = CEE75B6E2C7B3F5200FC61E6 /* CommunityViewModel.swift */; };
		CEE75B712C7B3F8600FC61E6 /* CommunityViewController.swift in Sources */ = {isa = PBXBuildFile; fileRef = CEE75B702C7B3F8600FC61E6 /* CommunityViewController.swift */; };
/* End PBXBuildFile section */

/* Begin PBXFileReference section */
		CE5E64722C6DE213009830AD /* LZLSLP.app */ = {isa = PBXFileReference; explicitFileType = wrapper.application; includeInIndex = 0; path = LZLSLP.app; sourceTree = BUILT_PRODUCTS_DIR; };
		CE5E64752C6DE213009830AD /* AppDelegate.swift */ = {isa = PBXFileReference; lastKnownFileType = sourcecode.swift; path = AppDelegate.swift; sourceTree = "<group>"; };
		CE5E64772C6DE213009830AD /* SceneDelegate.swift */ = {isa = PBXFileReference; lastKnownFileType = sourcecode.swift; path = SceneDelegate.swift; sourceTree = "<group>"; };
		CE5E647E2C6DE215009830AD /* Assets.xcassets */ = {isa = PBXFileReference; lastKnownFileType = folder.assetcatalog; path = Assets.xcassets; sourceTree = "<group>"; };
		CE5E64812C6DE215009830AD /* Base */ = {isa = PBXFileReference; lastKnownFileType = file.storyboard; name = Base; path = Base.lproj/LaunchScreen.storyboard; sourceTree = "<group>"; };
		CE5E64832C6DE215009830AD /* Info.plist */ = {isa = PBXFileReference; lastKnownFileType = text.plist.xml; path = Info.plist; sourceTree = "<group>"; };
		CE5E64902C6DE557009830AD /* Config.xcconfig */ = {isa = PBXFileReference; lastKnownFileType = text.xcconfig; path = Config.xcconfig; sourceTree = "<group>"; };
		CE5E64942C6DEF54009830AD /* BaseView.swift */ = {isa = PBXFileReference; lastKnownFileType = sourcecode.swift; path = BaseView.swift; sourceTree = "<group>"; };
		CE5E649B2C6DF017009830AD /* RxViewModel.swift */ = {isa = PBXFileReference; lastKnownFileType = sourcecode.swift; path = RxViewModel.swift; sourceTree = "<group>"; };
		CE5E649D2C6DF131009830AD /* BaseViewController.swift */ = {isa = PBXFileReference; lastKnownFileType = sourcecode.swift; path = BaseViewController.swift; sourceTree = "<group>"; };
		CE5E64A02C6DF1B3009830AD /* UIButton+.swift */ = {isa = PBXFileReference; lastKnownFileType = sourcecode.swift; path = "UIButton+.swift"; sourceTree = "<group>"; };
		CE5E64A22C6DF1DD009830AD /* UIButton.Configuration+.swift */ = {isa = PBXFileReference; lastKnownFileType = sourcecode.swift; path = "UIButton.Configuration+.swift"; sourceTree = "<group>"; };
		CE5E64A52C6EFE21009830AD /* URLRouter.swift */ = {isa = PBXFileReference; lastKnownFileType = sourcecode.swift; path = URLRouter.swift; sourceTree = "<group>"; };
		CE5E64A82C70BA26009830AD /* NetworkManager.swift */ = {isa = PBXFileReference; lastKnownFileType = sourcecode.swift; path = NetworkManager.swift; sourceTree = "<group>"; };
		CE5E64AA2C70C2FD009830AD /* AuthRepository.swift */ = {isa = PBXFileReference; lastKnownFileType = sourcecode.swift; path = AuthRepository.swift; sourceTree = "<group>"; };
		CE5E64AD2C70C391009830AD /* SignupView.swift */ = {isa = PBXFileReference; lastKnownFileType = sourcecode.swift; path = SignupView.swift; sourceTree = "<group>"; };
		CE5E64AF2C70C3A4009830AD /* SignupViewModel.swift */ = {isa = PBXFileReference; lastKnownFileType = sourcecode.swift; path = SignupViewModel.swift; sourceTree = "<group>"; };
		CE5E64B12C70C3EF009830AD /* SignupViewController.swift */ = {isa = PBXFileReference; lastKnownFileType = sourcecode.swift; path = SignupViewController.swift; sourceTree = "<group>"; };
		CE5E64B62C70CD81009830AD /* UIStackView+.swift */ = {isa = PBXFileReference; lastKnownFileType = sourcecode.swift; path = "UIStackView+.swift"; sourceTree = "<group>"; };
		CE5E64B92C70D4A0009830AD /* SignupForm.swift */ = {isa = PBXFileReference; lastKnownFileType = sourcecode.swift; path = SignupForm.swift; sourceTree = "<group>"; };
		CE5E64BC2C71FB96009830AD /* LoginView.swift */ = {isa = PBXFileReference; lastKnownFileType = sourcecode.swift; path = LoginView.swift; sourceTree = "<group>"; };
		CE5E64BE2C71FBA6009830AD /* LoginViewModel.swift */ = {isa = PBXFileReference; lastKnownFileType = sourcecode.swift; path = LoginViewModel.swift; sourceTree = "<group>"; };
		CE5E64C02C71FCCE009830AD /* LoginViewController.swift */ = {isa = PBXFileReference; lastKnownFileType = sourcecode.swift; path = LoginViewController.swift; sourceTree = "<group>"; };
		CE5E64CA2C736796009830AD /* UserDefaults+.swift */ = {isa = PBXFileReference; lastKnownFileType = sourcecode.swift; path = "UserDefaults+.swift"; sourceTree = "<group>"; };
		CE5E64CC2C736A11009830AD /* Encodable+.swift */ = {isa = PBXFileReference; lastKnownFileType = sourcecode.swift; path = "Encodable+.swift"; sourceTree = "<group>"; };
		CE5E64CE2C736A19009830AD /* Decodable+.swift */ = {isa = PBXFileReference; lastKnownFileType = sourcecode.swift; path = "Decodable+.swift"; sourceTree = "<group>"; };
		CE5E64D22C7387D6009830AD /* TrendingView.swift */ = {isa = PBXFileReference; lastKnownFileType = sourcecode.swift; path = TrendingView.swift; sourceTree = "<group>"; };
		CE5E64D42C7387E7009830AD /* TrendingViewModel.swift */ = {isa = PBXFileReference; lastKnownFileType = sourcecode.swift; path = TrendingViewModel.swift; sourceTree = "<group>"; };
		CE5E64D62C73881F009830AD /* TrendingViewController.swift */ = {isa = PBXFileReference; lastKnownFileType = sourcecode.swift; path = TrendingViewController.swift; sourceTree = "<group>"; };
		CE5E64DC2C74EDD7009830AD /* PostView.swift */ = {isa = PBXFileReference; lastKnownFileType = sourcecode.swift; path = PostView.swift; sourceTree = "<group>"; };
		CE5E64DE2C74EDE8009830AD /* PostViewModel.swift */ = {isa = PBXFileReference; lastKnownFileType = sourcecode.swift; path = PostViewModel.swift; sourceTree = "<group>"; };
		CE5E64E02C74EE17009830AD /* PostViewController.swift */ = {isa = PBXFileReference; lastKnownFileType = sourcecode.swift; path = PostViewController.swift; sourceTree = "<group>"; };
		CE5E64E22C74FDAA009830AD /* PostRepository.swift */ = {isa = PBXFileReference; lastKnownFileType = sourcecode.swift; path = PostRepository.swift; sourceTree = "<group>"; };
		CE80D0082C7C88D900A45249 /* DateFormatter.swift */ = {isa = PBXFileReference; lastKnownFileType = sourcecode.swift; path = DateFormatter.swift; sourceTree = "<group>"; };
		CE80D00B2C7CE32C00A45249 /* DetailPostView.swift */ = {isa = PBXFileReference; lastKnownFileType = sourcecode.swift; path = DetailPostView.swift; sourceTree = "<group>"; };
		CE80D00D2C7CE33A00A45249 /* DetailPostViewModel.swift */ = {isa = PBXFileReference; lastKnownFileType = sourcecode.swift; path = DetailPostViewModel.swift; sourceTree = "<group>"; };
		CE80D00F2C7CE35400A45249 /* DetailPostViewController.swift */ = {isa = PBXFileReference; lastKnownFileType = sourcecode.swift; path = DetailPostViewController.swift; sourceTree = "<group>"; };
		CE80D02C2C7F331200A45249 /* ScreenSize.swift */ = {isa = PBXFileReference; lastKnownFileType = sourcecode.swift; path = ScreenSize.swift; sourceTree = "<group>"; };
		CE80D0372C805CDD00A45249 /* ImageRepository.swift */ = {isa = PBXFileReference; lastKnownFileType = sourcecode.swift; path = ImageRepository.swift; sourceTree = "<group>"; };
		CE91E4A62C81C415000656E0 /* LaunchView.swift */ = {isa = PBXFileReference; lastKnownFileType = sourcecode.swift; path = LaunchView.swift; sourceTree = "<group>"; };
		CE91E4A82C81C42A000656E0 /* LaunchViewModel.swift */ = {isa = PBXFileReference; lastKnownFileType = sourcecode.swift; path = LaunchViewModel.swift; sourceTree = "<group>"; };
		CE91E4AA2C81C4A5000656E0 /* LaunchViewController.swift */ = {isa = PBXFileReference; lastKnownFileType = sourcecode.swift; path = LaunchViewController.swift; sourceTree = "<group>"; };
		CE91E4AC2C81D14C000656E0 /* UIViewController+.swift */ = {isa = PBXFileReference; lastKnownFileType = sourcecode.swift; path = "UIViewController+.swift"; sourceTree = "<group>"; };
		CE91E4AF2C820AA6000656E0 /* TabBarController.swift */ = {isa = PBXFileReference; lastKnownFileType = sourcecode.swift; path = TabBarController.swift; sourceTree = "<group>"; };
		CE91E4B52C822889000656E0 /* gasoline_launch.json */ = {isa = PBXFileReference; fileEncoding = 4; lastKnownFileType = text.json; path = gasoline_launch.json; sourceTree = "<group>"; };
		CEE75B482C76C34900FC61E6 /* AuthInterceptor.swift */ = {isa = PBXFileReference; lastKnownFileType = sourcecode.swift; path = AuthInterceptor.swift; sourceTree = "<group>"; };
		CEE75B4A2C76C38200FC61E6 /* PostInterceptor.swift */ = {isa = PBXFileReference; lastKnownFileType = sourcecode.swift; path = PostInterceptor.swift; sourceTree = "<group>"; };
		CEE75B6C2C7B3F4100FC61E6 /* CommunityView.swift */ = {isa = PBXFileReference; lastKnownFileType = sourcecode.swift; path = CommunityView.swift; sourceTree = "<group>"; };
		CEE75B6E2C7B3F5200FC61E6 /* CommunityViewModel.swift */ = {isa = PBXFileReference; lastKnownFileType = sourcecode.swift; path = CommunityViewModel.swift; sourceTree = "<group>"; };
		CEE75B702C7B3F8600FC61E6 /* CommunityViewController.swift */ = {isa = PBXFileReference; lastKnownFileType = sourcecode.swift; path = CommunityViewController.swift; sourceTree = "<group>"; };
/* End PBXFileReference section */

/* Begin PBXFrameworksBuildPhase section */
		CE5E646F2C6DE213009830AD /* Frameworks */ = {
			isa = PBXFrameworksBuildPhase;
			buildActionMask = 2147483647;
			files = (
				CE5E64B52C70CC86009830AD /* SnapKit in Frameworks */,
				CE5E64DA2C73B3D0009830AD /* Alamofire in Frameworks */,
				CE5E649A2C6DEFFC009830AD /* RxSwift in Frameworks */,
				CE5E64982C6DEFFC009830AD /* RxCocoa in Frameworks */,
				CE80D02B2C7F321000A45249 /* Kingfisher in Frameworks */,
				CE91E4B32C8226E3000656E0 /* Lottie in Frameworks */,
			);
			runOnlyForDeploymentPostprocessing = 0;
		};
/* End PBXFrameworksBuildPhase section */

/* Begin PBXGroup section */
		CE5E64692C6DE213009830AD = {
			isa = PBXGroup;
			children = (
				CE5E64742C6DE213009830AD /* LZLSLP */,
				CE5E64732C6DE213009830AD /* Products */,
			);
			sourceTree = "<group>";
		};
		CE5E64732C6DE213009830AD /* Products */ = {
			isa = PBXGroup;
			children = (
				CE5E64722C6DE213009830AD /* LZLSLP.app */,
			);
			name = Products;
			sourceTree = "<group>";
		};
		CE5E64742C6DE213009830AD /* LZLSLP */ = {
			isa = PBXGroup;
			children = (
				CE5E64892C6DE422009830AD /* Resources */,
				CE5E648A2C6DE432009830AD /* Sources */,
			);
			path = LZLSLP;
			sourceTree = "<group>";
		};
		CE5E64892C6DE422009830AD /* Resources */ = {
			isa = PBXGroup;
			children = (
				CE91E4B42C8226F4000656E0 /* Lottie */,
				CE5E647E2C6DE215009830AD /* Assets.xcassets */,
			);
			path = Resources;
			sourceTree = "<group>";
		};
		CE5E648A2C6DE432009830AD /* Sources */ = {
			isa = PBXGroup;
			children = (
				CE5E648B2C6DE465009830AD /* App */,
				CE5E648E2C6DE4F1009830AD /* Domains */,
				CE5E648C2C6DE4E4009830AD /* Presenters */,
				CE5E648D2C6DE4EC009830AD /* Utils */,
			);
			path = Sources;
			sourceTree = "<group>";
		};
		CE5E648B2C6DE465009830AD /* App */ = {
			isa = PBXGroup;
			children = (
				CE5E64752C6DE213009830AD /* AppDelegate.swift */,
				CE5E64772C6DE213009830AD /* SceneDelegate.swift */,
				CE5E64802C6DE215009830AD /* LaunchScreen.storyboard */,
				CE5E64832C6DE215009830AD /* Info.plist */,
			);
			path = App;
			sourceTree = "<group>";
		};
		CE5E648C2C6DE4E4009830AD /* Presenters */ = {
			isa = PBXGroup;
			children = (
				CE91E4AE2C820A9E000656E0 /* TabBar */,
				CE91E4A52C81C40E000656E0 /* Launch */,
				CE80D00A2C7CE32700A45249 /* DetailPost */,
				CEE75B6B2C7B3EC200FC61E6 /* Community */,
				CE5E64DB2C74EDCB009830AD /* Post */,
				CE5E64D12C7387C0009830AD /* Trending */,
				CE5E64BB2C71FB8C009830AD /* Login */,
				CE5E64AC2C70C383009830AD /* Signup */,
			);
			path = Presenters;
			sourceTree = "<group>";
		};
		CE5E648D2C6DE4EC009830AD /* Utils */ = {
			isa = PBXGroup;
			children = (
				CE80D0072C7C88CC00A45249 /* Constants */,
				CE5E64912C6DEF19009830AD /* Bases */,
				CE5E649F2C6DF1A6009830AD /* Extensions */,
				CEE75B472C76C30900FC61E6 /* Interceptor */,
				CE5E64A72C70BA08009830AD /* Managers */,
				CE5E64B82C70D495009830AD /* Models */,
				CE5E64A42C6EFE10009830AD /* Routers */,
				CE5E648F2C6DE548009830AD /* Keys */,
			);
			path = Utils;
			sourceTree = "<group>";
		};
		CE5E648E2C6DE4F1009830AD /* Domains */ = {
			isa = PBXGroup;
			children = (
				CE5E64AA2C70C2FD009830AD /* AuthRepository.swift */,
				CE5E64E22C74FDAA009830AD /* PostRepository.swift */,
				CE80D0372C805CDD00A45249 /* ImageRepository.swift */,
			);
			path = Domains;
			sourceTree = "<group>";
		};
		CE5E648F2C6DE548009830AD /* Keys */ = {
			isa = PBXGroup;
			children = (
				CE5E64902C6DE557009830AD /* Config.xcconfig */,
			);
			path = Keys;
			sourceTree = "<group>";
		};
		CE5E64912C6DEF19009830AD /* Bases */ = {
			isa = PBXGroup;
			children = (
				CE5E64942C6DEF54009830AD /* BaseView.swift */,
				CE5E649B2C6DF017009830AD /* RxViewModel.swift */,
				CE5E649D2C6DF131009830AD /* BaseViewController.swift */,
			);
			path = Bases;
			sourceTree = "<group>";
		};
		CE5E649F2C6DF1A6009830AD /* Extensions */ = {
			isa = PBXGroup;
			children = (
				CE5E64A02C6DF1B3009830AD /* UIButton+.swift */,
				CE5E64A22C6DF1DD009830AD /* UIButton.Configuration+.swift */,
				CE5E64B62C70CD81009830AD /* UIStackView+.swift */,
				CE5E64CA2C736796009830AD /* UserDefaults+.swift */,
				CE5E64CC2C736A11009830AD /* Encodable+.swift */,
				CE5E64CE2C736A19009830AD /* Decodable+.swift */,
				CE91E4AC2C81D14C000656E0 /* UIViewController+.swift */,
			);
			path = Extensions;
			sourceTree = "<group>";
		};
		CE5E64A42C6EFE10009830AD /* Routers */ = {
			isa = PBXGroup;
			children = (
				CE5E64A52C6EFE21009830AD /* URLRouter.swift */,
			);
			path = Routers;
			sourceTree = "<group>";
		};
		CE5E64A72C70BA08009830AD /* Managers */ = {
			isa = PBXGroup;
			children = (
				CE5E64A82C70BA26009830AD /* NetworkManager.swift */,
			);
			path = Managers;
			sourceTree = "<group>";
		};
		CE5E64AC2C70C383009830AD /* Signup */ = {
			isa = PBXGroup;
			children = (
				CE5E64AD2C70C391009830AD /* SignupView.swift */,
				CE5E64AF2C70C3A4009830AD /* SignupViewModel.swift */,
				CE5E64B12C70C3EF009830AD /* SignupViewController.swift */,
			);
			path = Signup;
			sourceTree = "<group>";
		};
		CE5E64B82C70D495009830AD /* Models */ = {
			isa = PBXGroup;
			children = (
				CE5E64B92C70D4A0009830AD /* SignupForm.swift */,
			);
			path = Models;
			sourceTree = "<group>";
		};
		CE5E64BB2C71FB8C009830AD /* Login */ = {
			isa = PBXGroup;
			children = (
				CE5E64BC2C71FB96009830AD /* LoginView.swift */,
				CE5E64BE2C71FBA6009830AD /* LoginViewModel.swift */,
				CE5E64C02C71FCCE009830AD /* LoginViewController.swift */,
			);
			path = Login;
			sourceTree = "<group>";
		};
		CE5E64D12C7387C0009830AD /* Trending */ = {
			isa = PBXGroup;
			children = (
				CE5E64D22C7387D6009830AD /* TrendingView.swift */,
				CE5E64D42C7387E7009830AD /* TrendingViewModel.swift */,
				CE5E64D62C73881F009830AD /* TrendingViewController.swift */,
			);
			path = Trending;
			sourceTree = "<group>";
		};
		CE5E64DB2C74EDCB009830AD /* Post */ = {
			isa = PBXGroup;
			children = (
				CE5E64DC2C74EDD7009830AD /* PostView.swift */,
				CE5E64DE2C74EDE8009830AD /* PostViewModel.swift */,
				CE5E64E02C74EE17009830AD /* PostViewController.swift */,
			);
			path = Post;
			sourceTree = "<group>";
		};
		CE80D0072C7C88CC00A45249 /* Constants */ = {
			isa = PBXGroup;
			children = (
				CE80D0082C7C88D900A45249 /* DateFormatter.swift */,
				CE80D02C2C7F331200A45249 /* ScreenSize.swift */,
			);
			path = Constants;
			sourceTree = "<group>";
		};
		CE80D00A2C7CE32700A45249 /* DetailPost */ = {
			isa = PBXGroup;
			children = (
				CE80D00B2C7CE32C00A45249 /* DetailPostView.swift */,
				CE80D00D2C7CE33A00A45249 /* DetailPostViewModel.swift */,
				CE80D00F2C7CE35400A45249 /* DetailPostViewController.swift */,
			);
			path = DetailPost;
			sourceTree = "<group>";
		};
		CE91E4A52C81C40E000656E0 /* Launch */ = {
			isa = PBXGroup;
			children = (
				CE91E4A62C81C415000656E0 /* LaunchView.swift */,
				CE91E4A82C81C42A000656E0 /* LaunchViewModel.swift */,
				CE91E4AA2C81C4A5000656E0 /* LaunchViewController.swift */,
			);
			path = Launch;
			sourceTree = "<group>";
		};
		CE91E4AE2C820A9E000656E0 /* TabBar */ = {
			isa = PBXGroup;
			children = (
				CE91E4AF2C820AA6000656E0 /* TabBarController.swift */,
			);
			path = TabBar;
			sourceTree = "<group>";
		};
		CE91E4B42C8226F4000656E0 /* Lottie */ = {
			isa = PBXGroup;
			children = (
				CE91E4B52C822889000656E0 /* gasoline_launch.json */,
			);
			path = Lottie;
			sourceTree = "<group>";
		};
		CEE75B472C76C30900FC61E6 /* Interceptor */ = {
			isa = PBXGroup;
			children = (
				CEE75B482C76C34900FC61E6 /* AuthInterceptor.swift */,
				CEE75B4A2C76C38200FC61E6 /* PostInterceptor.swift */,
			);
			path = Interceptor;
			sourceTree = "<group>";
		};
		CEE75B6B2C7B3EC200FC61E6 /* Community */ = {
			isa = PBXGroup;
			children = (
				CEE75B6C2C7B3F4100FC61E6 /* CommunityView.swift */,
				CEE75B6E2C7B3F5200FC61E6 /* CommunityViewModel.swift */,
				CEE75B702C7B3F8600FC61E6 /* CommunityViewController.swift */,
			);
			path = Community;
			sourceTree = "<group>";
		};
/* End PBXGroup section */

/* Begin PBXNativeTarget section */
		CE5E64712C6DE213009830AD /* LZLSLP */ = {
			isa = PBXNativeTarget;
			buildConfigurationList = CE5E64862C6DE215009830AD /* Build configuration list for PBXNativeTarget "LZLSLP" */;
			buildPhases = (
				CE5E646E2C6DE213009830AD /* Sources */,
				CE5E646F2C6DE213009830AD /* Frameworks */,
				CE5E64702C6DE213009830AD /* Resources */,
			);
			buildRules = (
			);
			dependencies = (
			);
			name = LZLSLP;
			packageProductDependencies = (
				CE5E64972C6DEFFC009830AD /* RxCocoa */,
				CE5E64992C6DEFFC009830AD /* RxSwift */,
				CE5E64B42C70CC86009830AD /* SnapKit */,
				CE5E64D92C73B3D0009830AD /* Alamofire */,
				CE80D02A2C7F321000A45249 /* Kingfisher */,
				CE91E4B22C8226E3000656E0 /* Lottie */,
			);
			productName = LZLSLP;
			productReference = CE5E64722C6DE213009830AD /* LZLSLP.app */;
			productType = "com.apple.product-type.application";
		};
/* End PBXNativeTarget section */

/* Begin PBXProject section */
		CE5E646A2C6DE213009830AD /* Project object */ = {
			isa = PBXProject;
			attributes = {
				BuildIndependentTargetsInParallel = 1;
				LastSwiftUpdateCheck = 1530;
				LastUpgradeCheck = 1530;
				TargetAttributes = {
					CE5E64712C6DE213009830AD = {
						CreatedOnToolsVersion = 15.3;
					};
				};
			};
			buildConfigurationList = CE5E646D2C6DE213009830AD /* Build configuration list for PBXProject "LZLSLP" */;
			compatibilityVersion = "Xcode 14.0";
			developmentRegion = en;
			hasScannedForEncodings = 0;
			knownRegions = (
				en,
				Base,
			);
			mainGroup = CE5E64692C6DE213009830AD;
			packageReferences = (
				CE5E64962C6DEFFC009830AD /* XCRemoteSwiftPackageReference "RxSwift" */,
				CE5E64B32C70CC86009830AD /* XCRemoteSwiftPackageReference "SnapKit" */,
				CE5E64D82C73B3D0009830AD /* XCRemoteSwiftPackageReference "Alamofire" */,
				CE80D0292C7F321000A45249 /* XCRemoteSwiftPackageReference "Kingfisher" */,
				CE91E4B12C8226E3000656E0 /* XCRemoteSwiftPackageReference "lottie-ios" */,
			);
			productRefGroup = CE5E64732C6DE213009830AD /* Products */;
			projectDirPath = "";
			projectRoot = "";
			targets = (
				CE5E64712C6DE213009830AD /* LZLSLP */,
			);
		};
/* End PBXProject section */

/* Begin PBXResourcesBuildPhase section */
		CE5E64702C6DE213009830AD /* Resources */ = {
			isa = PBXResourcesBuildPhase;
			buildActionMask = 2147483647;
			files = (
				CE5E647F2C6DE215009830AD /* Assets.xcassets in Resources */,
				CE5E64822C6DE215009830AD /* Base in Resources */,
				CE91E4B62C822889000656E0 /* gasoline_launch.json in Resources */,
			);
			runOnlyForDeploymentPostprocessing = 0;
		};
/* End PBXResourcesBuildPhase section */

/* Begin PBXSourcesBuildPhase section */
		CE5E646E2C6DE213009830AD /* Sources */ = {
			isa = PBXSourcesBuildPhase;
			buildActionMask = 2147483647;
			files = (
				CE5E64DF2C74EDE8009830AD /* PostViewModel.swift in Sources */,
				CE91E4A72C81C415000656E0 /* LaunchView.swift in Sources */,
				CE5E64C12C71FCCE009830AD /* LoginViewController.swift in Sources */,
				CE5E64AE2C70C391009830AD /* SignupView.swift in Sources */,
				CE80D00C2C7CE32C00A45249 /* DetailPostView.swift in Sources */,
				CE5E64AB2C70C2FD009830AD /* AuthRepository.swift in Sources */,
				CEE75B6F2C7B3F5200FC61E6 /* CommunityViewModel.swift in Sources */,
				CE5E64A12C6DF1B3009830AD /* UIButton+.swift in Sources */,
				CE80D0382C805CDD00A45249 /* ImageRepository.swift in Sources */,
				CE5E64A92C70BA26009830AD /* NetworkManager.swift in Sources */,
				CE5E649C2C6DF017009830AD /* RxViewModel.swift in Sources */,
				CE5E64A32C6DF1DD009830AD /* UIButton.Configuration+.swift in Sources */,
				CE5E64D52C7387E8009830AD /* TrendingViewModel.swift in Sources */,
				CE91E4B02C820AA6000656E0 /* TabBarController.swift in Sources */,
				CEE75B492C76C34900FC61E6 /* AuthInterceptor.swift in Sources */,
				CE5E64DD2C74EDD7009830AD /* PostView.swift in Sources */,
				CE91E4A92C81C42A000656E0 /* LaunchViewModel.swift in Sources */,
				CE5E64CD2C736A11009830AD /* Encodable+.swift in Sources */,
				CE5E64B02C70C3A4009830AD /* SignupViewModel.swift in Sources */,
				CE5E64B72C70CD81009830AD /* UIStackView+.swift in Sources */,
				CE91E4AB2C81C4A5000656E0 /* LaunchViewController.swift in Sources */,
				CE5E64BA2C70D4A0009830AD /* SignupForm.swift in Sources */,
				CE5E64B22C70C3EF009830AD /* SignupViewController.swift in Sources */,
				CE80D02D2C7F331200A45249 /* ScreenSize.swift in Sources */,
				CE80D0102C7CE35400A45249 /* DetailPostViewController.swift in Sources */,
				CEE75B4B2C76C38200FC61E6 /* PostInterceptor.swift in Sources */,
				CE5E64BF2C71FBA6009830AD /* LoginViewModel.swift in Sources */,
				CE5E64D32C7387D6009830AD /* TrendingView.swift in Sources */,
				CEE75B712C7B3F8600FC61E6 /* CommunityViewController.swift in Sources */,
				CE5E64E32C74FDAA009830AD /* PostRepository.swift in Sources */,
				CE5E64CB2C736796009830AD /* UserDefaults+.swift in Sources */,
				CE5E64E12C74EE17009830AD /* PostViewController.swift in Sources */,
				CE80D0092C7C88D900A45249 /* DateFormatter.swift in Sources */,
				CE5E64762C6DE213009830AD /* AppDelegate.swift in Sources */,
				CE91E4AD2C81D14C000656E0 /* UIViewController+.swift in Sources */,
				CE5E64D72C73881F009830AD /* TrendingViewController.swift in Sources */,
				CEE75B6D2C7B3F4100FC61E6 /* CommunityView.swift in Sources */,
				CE5E64782C6DE213009830AD /* SceneDelegate.swift in Sources */,
				CE5E64A62C6EFE21009830AD /* URLRouter.swift in Sources */,
				CE80D00E2C7CE33A00A45249 /* DetailPostViewModel.swift in Sources */,
				CE5E64952C6DEF54009830AD /* BaseView.swift in Sources */,
				CE5E64BD2C71FB96009830AD /* LoginView.swift in Sources */,
				CE5E649E2C6DF131009830AD /* BaseViewController.swift in Sources */,
				CE5E64CF2C736A19009830AD /* Decodable+.swift in Sources */,
			);
			runOnlyForDeploymentPostprocessing = 0;
		};
/* End PBXSourcesBuildPhase section */

/* Begin PBXVariantGroup section */
		CE5E64802C6DE215009830AD /* LaunchScreen.storyboard */ = {
			isa = PBXVariantGroup;
			children = (
				CE5E64812C6DE215009830AD /* Base */,
			);
			name = LaunchScreen.storyboard;
			sourceTree = "<group>";
		};
/* End PBXVariantGroup section */

/* Begin XCBuildConfiguration section */
		CE5E64842C6DE215009830AD /* Debug */ = {
			isa = XCBuildConfiguration;
			buildSettings = {
				ALWAYS_SEARCH_USER_PATHS = NO;
				ASSETCATALOG_COMPILER_GENERATE_SWIFT_ASSET_SYMBOL_EXTENSIONS = YES;
				CLANG_ANALYZER_NONNULL = YES;
				CLANG_ANALYZER_NUMBER_OBJECT_CONVERSION = YES_AGGRESSIVE;
				CLANG_CXX_LANGUAGE_STANDARD = "gnu++20";
				CLANG_ENABLE_MODULES = YES;
				CLANG_ENABLE_OBJC_ARC = YES;
				CLANG_ENABLE_OBJC_WEAK = YES;
				CLANG_WARN_BLOCK_CAPTURE_AUTORELEASING = YES;
				CLANG_WARN_BOOL_CONVERSION = YES;
				CLANG_WARN_COMMA = YES;
				CLANG_WARN_CONSTANT_CONVERSION = YES;
				CLANG_WARN_DEPRECATED_OBJC_IMPLEMENTATIONS = YES;
				CLANG_WARN_DIRECT_OBJC_ISA_USAGE = YES_ERROR;
				CLANG_WARN_DOCUMENTATION_COMMENTS = YES;
				CLANG_WARN_EMPTY_BODY = YES;
				CLANG_WARN_ENUM_CONVERSION = YES;
				CLANG_WARN_INFINITE_RECURSION = YES;
				CLANG_WARN_INT_CONVERSION = YES;
				CLANG_WARN_NON_LITERAL_NULL_CONVERSION = YES;
				CLANG_WARN_OBJC_IMPLICIT_RETAIN_SELF = YES;
				CLANG_WARN_OBJC_LITERAL_CONVERSION = YES;
				CLANG_WARN_OBJC_ROOT_CLASS = YES_ERROR;
				CLANG_WARN_QUOTED_INCLUDE_IN_FRAMEWORK_HEADER = YES;
				CLANG_WARN_RANGE_LOOP_ANALYSIS = YES;
				CLANG_WARN_STRICT_PROTOTYPES = YES;
				CLANG_WARN_SUSPICIOUS_MOVE = YES;
				CLANG_WARN_UNGUARDED_AVAILABILITY = YES_AGGRESSIVE;
				CLANG_WARN_UNREACHABLE_CODE = YES;
				CLANG_WARN__DUPLICATE_METHOD_MATCH = YES;
				COPY_PHASE_STRIP = NO;
				DEBUG_INFORMATION_FORMAT = dwarf;
				ENABLE_STRICT_OBJC_MSGSEND = YES;
				ENABLE_TESTABILITY = YES;
				ENABLE_USER_SCRIPT_SANDBOXING = YES;
				GCC_C_LANGUAGE_STANDARD = gnu17;
				GCC_DYNAMIC_NO_PIC = NO;
				GCC_NO_COMMON_BLOCKS = YES;
				GCC_OPTIMIZATION_LEVEL = 0;
				GCC_PREPROCESSOR_DEFINITIONS = (
					"DEBUG=1",
					"$(inherited)",
				);
				GCC_WARN_64_TO_32_BIT_CONVERSION = YES;
				GCC_WARN_ABOUT_RETURN_TYPE = YES_ERROR;
				GCC_WARN_UNDECLARED_SELECTOR = YES;
				GCC_WARN_UNINITIALIZED_AUTOS = YES_AGGRESSIVE;
				GCC_WARN_UNUSED_FUNCTION = YES;
				GCC_WARN_UNUSED_VARIABLE = YES;
				IPHONEOS_DEPLOYMENT_TARGET = 15.0;
				LOCALIZATION_PREFERS_STRING_CATALOGS = YES;
				MTL_ENABLE_DEBUG_INFO = INCLUDE_SOURCE;
				MTL_FAST_MATH = YES;
				ONLY_ACTIVE_ARCH = YES;
				SDKROOT = iphoneos;
				SWIFT_ACTIVE_COMPILATION_CONDITIONS = "DEBUG $(inherited)";
				SWIFT_OPTIMIZATION_LEVEL = "-Onone";
			};
			name = Debug;
		};
		CE5E64852C6DE215009830AD /* Release */ = {
			isa = XCBuildConfiguration;
			buildSettings = {
				ALWAYS_SEARCH_USER_PATHS = NO;
				ASSETCATALOG_COMPILER_GENERATE_SWIFT_ASSET_SYMBOL_EXTENSIONS = YES;
				CLANG_ANALYZER_NONNULL = YES;
				CLANG_ANALYZER_NUMBER_OBJECT_CONVERSION = YES_AGGRESSIVE;
				CLANG_CXX_LANGUAGE_STANDARD = "gnu++20";
				CLANG_ENABLE_MODULES = YES;
				CLANG_ENABLE_OBJC_ARC = YES;
				CLANG_ENABLE_OBJC_WEAK = YES;
				CLANG_WARN_BLOCK_CAPTURE_AUTORELEASING = YES;
				CLANG_WARN_BOOL_CONVERSION = YES;
				CLANG_WARN_COMMA = YES;
				CLANG_WARN_CONSTANT_CONVERSION = YES;
				CLANG_WARN_DEPRECATED_OBJC_IMPLEMENTATIONS = YES;
				CLANG_WARN_DIRECT_OBJC_ISA_USAGE = YES_ERROR;
				CLANG_WARN_DOCUMENTATION_COMMENTS = YES;
				CLANG_WARN_EMPTY_BODY = YES;
				CLANG_WARN_ENUM_CONVERSION = YES;
				CLANG_WARN_INFINITE_RECURSION = YES;
				CLANG_WARN_INT_CONVERSION = YES;
				CLANG_WARN_NON_LITERAL_NULL_CONVERSION = YES;
				CLANG_WARN_OBJC_IMPLICIT_RETAIN_SELF = YES;
				CLANG_WARN_OBJC_LITERAL_CONVERSION = YES;
				CLANG_WARN_OBJC_ROOT_CLASS = YES_ERROR;
				CLANG_WARN_QUOTED_INCLUDE_IN_FRAMEWORK_HEADER = YES;
				CLANG_WARN_RANGE_LOOP_ANALYSIS = YES;
				CLANG_WARN_STRICT_PROTOTYPES = YES;
				CLANG_WARN_SUSPICIOUS_MOVE = YES;
				CLANG_WARN_UNGUARDED_AVAILABILITY = YES_AGGRESSIVE;
				CLANG_WARN_UNREACHABLE_CODE = YES;
				CLANG_WARN__DUPLICATE_METHOD_MATCH = YES;
				COPY_PHASE_STRIP = NO;
				DEBUG_INFORMATION_FORMAT = "dwarf-with-dsym";
				ENABLE_NS_ASSERTIONS = NO;
				ENABLE_STRICT_OBJC_MSGSEND = YES;
				ENABLE_USER_SCRIPT_SANDBOXING = YES;
				GCC_C_LANGUAGE_STANDARD = gnu17;
				GCC_NO_COMMON_BLOCKS = YES;
				GCC_WARN_64_TO_32_BIT_CONVERSION = YES;
				GCC_WARN_ABOUT_RETURN_TYPE = YES_ERROR;
				GCC_WARN_UNDECLARED_SELECTOR = YES;
				GCC_WARN_UNINITIALIZED_AUTOS = YES_AGGRESSIVE;
				GCC_WARN_UNUSED_FUNCTION = YES;
				GCC_WARN_UNUSED_VARIABLE = YES;
				IPHONEOS_DEPLOYMENT_TARGET = 15.0;
				LOCALIZATION_PREFERS_STRING_CATALOGS = YES;
				MTL_ENABLE_DEBUG_INFO = NO;
				MTL_FAST_MATH = YES;
				SDKROOT = iphoneos;
				SWIFT_COMPILATION_MODE = wholemodule;
				VALIDATE_PRODUCT = YES;
			};
			name = Release;
		};
		CE5E64872C6DE215009830AD /* Debug */ = {
			isa = XCBuildConfiguration;
			baseConfigurationReference = CE5E64902C6DE557009830AD /* Config.xcconfig */;
			buildSettings = {
				ASSETCATALOG_COMPILER_APPICON_NAME = AppIcon;
				ASSETCATALOG_COMPILER_GLOBAL_ACCENT_COLOR_NAME = AccentColor;
				CODE_SIGN_STYLE = Automatic;
				CURRENT_PROJECT_VERSION = 1;
				DEVELOPMENT_TEAM = CZH2CMCGCZ;
				GENERATE_INFOPLIST_FILE = YES;
				INFOPLIST_FILE = LZLSLP/Sources/App/Info.plist;
				INFOPLIST_KEY_UIApplicationSupportsIndirectInputEvents = YES;
				INFOPLIST_KEY_UILaunchStoryboardName = LaunchScreen;
				INFOPLIST_KEY_UISupportedInterfaceOrientations = UIInterfaceOrientationPortrait;
				INFOPLIST_KEY_UISupportedInterfaceOrientations_iPad = "UIInterfaceOrientationLandscapeLeft UIInterfaceOrientationLandscapeRight UIInterfaceOrientationPortrait UIInterfaceOrientationPortraitUpsideDown";
				IPHONEOS_DEPLOYMENT_TARGET = 15.0;
				LD_RUNPATH_SEARCH_PATHS = (
					"$(inherited)",
					"@executable_path/Frameworks",
				);
				MARKETING_VERSION = 1.0;
				PRODUCT_BUNDLE_IDENTIFIER = com.Lets.LZLSLP;
				PRODUCT_NAME = "$(TARGET_NAME)";
				SUPPORTED_PLATFORMS = "iphoneos iphonesimulator";
				SUPPORTS_MACCATALYST = NO;
				SUPPORTS_MAC_DESIGNED_FOR_IPHONE_IPAD = NO;
				SUPPORTS_XR_DESIGNED_FOR_IPHONE_IPAD = NO;
				SWIFT_EMIT_LOC_STRINGS = YES;
				SWIFT_VERSION = 5.0;
				TARGETED_DEVICE_FAMILY = 1;
			};
			name = Debug;
		};
		CE5E64882C6DE215009830AD /* Release */ = {
			isa = XCBuildConfiguration;
			buildSettings = {
				ASSETCATALOG_COMPILER_APPICON_NAME = AppIcon;
				ASSETCATALOG_COMPILER_GLOBAL_ACCENT_COLOR_NAME = AccentColor;
				CODE_SIGN_STYLE = Automatic;
				CURRENT_PROJECT_VERSION = 1;
				DEVELOPMENT_TEAM = CZH2CMCGCZ;
				GENERATE_INFOPLIST_FILE = YES;
				INFOPLIST_FILE = LZLSLP/Sources/App/Info.plist;
				INFOPLIST_KEY_UIApplicationSupportsIndirectInputEvents = YES;
				INFOPLIST_KEY_UILaunchStoryboardName = LaunchScreen;
				INFOPLIST_KEY_UISupportedInterfaceOrientations = UIInterfaceOrientationPortrait;
				INFOPLIST_KEY_UISupportedInterfaceOrientations_iPad = "UIInterfaceOrientationLandscapeLeft UIInterfaceOrientationLandscapeRight UIInterfaceOrientationPortrait UIInterfaceOrientationPortraitUpsideDown";
				IPHONEOS_DEPLOYMENT_TARGET = 15.0;
				LD_RUNPATH_SEARCH_PATHS = (
					"$(inherited)",
					"@executable_path/Frameworks",
				);
				MARKETING_VERSION = 1.0;
				PRODUCT_BUNDLE_IDENTIFIER = com.Lets.LZLSLP;
				PRODUCT_NAME = "$(TARGET_NAME)";
				SUPPORTED_PLATFORMS = "iphoneos iphonesimulator";
				SUPPORTS_MACCATALYST = NO;
				SUPPORTS_MAC_DESIGNED_FOR_IPHONE_IPAD = NO;
				SUPPORTS_XR_DESIGNED_FOR_IPHONE_IPAD = NO;
				SWIFT_EMIT_LOC_STRINGS = YES;
				SWIFT_VERSION = 5.0;
				TARGETED_DEVICE_FAMILY = 1;
			};
			name = Release;
		};
/* End XCBuildConfiguration section */

/* Begin XCConfigurationList section */
		CE5E646D2C6DE213009830AD /* Build configuration list for PBXProject "LZLSLP" */ = {
			isa = XCConfigurationList;
			buildConfigurations = (
				CE5E64842C6DE215009830AD /* Debug */,
				CE5E64852C6DE215009830AD /* Release */,
			);
			defaultConfigurationIsVisible = 0;
			defaultConfigurationName = Release;
		};
		CE5E64862C6DE215009830AD /* Build configuration list for PBXNativeTarget "LZLSLP" */ = {
			isa = XCConfigurationList;
			buildConfigurations = (
				CE5E64872C6DE215009830AD /* Debug */,
				CE5E64882C6DE215009830AD /* Release */,
			);
			defaultConfigurationIsVisible = 0;
			defaultConfigurationName = Release;
		};
/* End XCConfigurationList section */

/* Begin XCRemoteSwiftPackageReference section */
		CE5E64962C6DEFFC009830AD /* XCRemoteSwiftPackageReference "RxSwift" */ = {
			isa = XCRemoteSwiftPackageReference;
			repositoryURL = "https://github.com/ReactiveX/RxSwift.git";
			requirement = {
				kind = upToNextMajorVersion;
				minimumVersion = 6.7.1;
			};
		};
		CE5E64B32C70CC86009830AD /* XCRemoteSwiftPackageReference "SnapKit" */ = {
			isa = XCRemoteSwiftPackageReference;
			repositoryURL = "https://github.com/SnapKit/SnapKit.git";
			requirement = {
				kind = upToNextMajorVersion;
				minimumVersion = 5.7.1;
			};
		};
		CE5E64D82C73B3D0009830AD /* XCRemoteSwiftPackageReference "Alamofire" */ = {
			isa = XCRemoteSwiftPackageReference;
			repositoryURL = "https://github.com/Alamofire/Alamofire.git";
			requirement = {
				kind = upToNextMajorVersion;
				minimumVersion = 5.9.1;
			};
		};
		CE80D0292C7F321000A45249 /* XCRemoteSwiftPackageReference "Kingfisher" */ = {
			isa = XCRemoteSwiftPackageReference;
			repositoryURL = "https://github.com/onevcat/Kingfisher";
			requirement = {
				kind = upToNextMajorVersion;
				minimumVersion = 7.12.0;
			};
		};
		CE91E4B12C8226E3000656E0 /* XCRemoteSwiftPackageReference "lottie-ios" */ = {
			isa = XCRemoteSwiftPackageReference;
			repositoryURL = "https://github.com/airbnb/lottie-ios.git";
			requirement = {
				kind = upToNextMajorVersion;
				minimumVersion = 4.5.0;
			};
		};
/* End XCRemoteSwiftPackageReference section */

/* Begin XCSwiftPackageProductDependency section */
		CE5E64972C6DEFFC009830AD /* RxCocoa */ = {
			isa = XCSwiftPackageProductDependency;
			package = CE5E64962C6DEFFC009830AD /* XCRemoteSwiftPackageReference "RxSwift" */;
			productName = RxCocoa;
		};
		CE5E64992C6DEFFC009830AD /* RxSwift */ = {
			isa = XCSwiftPackageProductDependency;
			package = CE5E64962C6DEFFC009830AD /* XCRemoteSwiftPackageReference "RxSwift" */;
			productName = RxSwift;
		};
		CE5E64B42C70CC86009830AD /* SnapKit */ = {
			isa = XCSwiftPackageProductDependency;
			package = CE5E64B32C70CC86009830AD /* XCRemoteSwiftPackageReference "SnapKit" */;
			productName = SnapKit;
		};
		CE5E64D92C73B3D0009830AD /* Alamofire */ = {
			isa = XCSwiftPackageProductDependency;
			package = CE5E64D82C73B3D0009830AD /* XCRemoteSwiftPackageReference "Alamofire" */;
			productName = Alamofire;
		};
		CE80D02A2C7F321000A45249 /* Kingfisher */ = {
			isa = XCSwiftPackageProductDependency;
			package = CE80D0292C7F321000A45249 /* XCRemoteSwiftPackageReference "Kingfisher" */;
			productName = Kingfisher;
		};
		CE91E4B22C8226E3000656E0 /* Lottie */ = {
			isa = XCSwiftPackageProductDependency;
			package = CE91E4B12C8226E3000656E0 /* XCRemoteSwiftPackageReference "lottie-ios" */;
			productName = Lottie;
		};
/* End XCSwiftPackageProductDependency section */
	};
	rootObject = CE5E646A2C6DE213009830AD /* Project object */;
}
